# Lukustatud tootmissõltuvused (#387). Allikas: requirements.txt (vahemikud).
# Uuendamine (sama baas-image mis Dockerfile'is):
#   docker run --rm -v "$PWD":/src python:3.12-slim sh -c \
#     "pip install -q -r /src/requirements.txt && pip freeze"
# ja väljund siia päise alla. CI testib SAMA lukuga (requirements-dev.txt).
annotated-doc==0.0.5
annotated-types==0.8.0
anyio==4.15.1
bcrypt==5.0.0
camel-converter==5.1.1
certifi==2026.7.22
cffi==2.1.1
charset-normalizer==3.5.1
click==8.5.0
cryptography==50.0.1
fastapi==0.141.1
gitdb==4.0.12
GitPython==3.1.62
h11==0.16.0
idna==3.20
invoke==3.0.3
meilisearch==0.43.0
numpy==2.5.3
osm2geojson==0.3.2
paramiko==5.0.0
pillow==12.3.0
pycparser==3.0
pydantic==2.13.5
pydantic_core==2.46.5
PyJWT==2.14.0
PyNaCl==1.6.2
python-dotenv==1.2.3
python-multipart==0.0.32
requests==2.34.2
shapely==2.1.2
smmap==5.0.3
starlette==1.6.0
tqdm==4.70.1
typing-inspection==0.4.4
typing_extensions==4.16.0
urllib3==2.8.0
uvicorn==0.53.0
